// !$*UTF8*$!
{
	archiveVersion = 1;
	classes = {
	};
	objectVersion = 77;
	objects = {

/* Begin PBXBuildFile section */
		5030F438A392AB89FC0CBE5E /* Pods_SnDemo.framework in Frameworks */ = {isa = PBXBuildFile; fileRef = 1D6DE7697B66C63DA1030443 /* Pods_SnDemo.framework */; };
		5FDDDCBDEA0A9436BBDA2C14 /* SnDemo.xcodeproj in Resources */ = {isa = PBXBuildFile; fileRef = 059303838FA6407AA852F081 /* SnDemo.xcodeproj */; };
		61716508A0F3CE3F21AEEA69 /* AppDelegate.m in Sources */ = {isa = PBXBuildFile; fileRef = 2E3C2E2A8DD34CD46809B659 /* AppDelegate.m */; };
		903171910B1544FE0311EF7D /* libc++.tbd in Frameworks */ = {isa = PBXBuildFile; fileRef = FB3C0608A38D5F1D575C00E3 /* libc++.tbd */; };
		D108DD8112012AE47BAF9D08 /* main.m in Sources */ = {isa = PBXBuildFile; fileRef = 3601F56B1B8A16210B612B16 /* main.m */; };
		F84BA60B242425CA14C1DF89 /* JavaScriptCore.framework in Frameworks */ = {isa = PBXBuildFile; fileRef = 71BE7D2AD66E77B461F5C7D5 /* JavaScriptCore.framework */; };
/* End PBXBuildFile section */

/* Begin PBXFileReference section */
		059303838FA6407AA852F081 /* SnDemo.xcodeproj */ = {isa = PBXFileReference; lastKnownFileType = "wrapper.pb-project"; path = SnDemo.xcodeproj; sourceTree = "<group>"; };
		1D6DE7697B66C63DA1030443 /* Pods_SnDemo.framework */ = {isa = PBXFileReference; explicitFileType = wrapper.framework; includeInIndex = 0; path = Pods_SnDemo.framework; sourceTree = BUILT_PRODUCTS_DIR; };
		2E3C2E2A8DD34CD46809B659 /* AppDelegate.m */ = {isa = PBXFileReference; lastKnownFileType = sourcecode.c.objc; path = AppDelegate.m; sourceTree = "<group>"; };
		3601F56B1B8A16210B612B16 /* main.m */ = {isa = PBXFileReference; lastKnownFileType = sourcecode.c.objc; path = main.m; sourceTree = "<group>"; };
		539A66F8A5633ACDA0BD838A /* SnDemo.app */ = {isa = PBXFileReference; includeInIndex = 0; lastKnownFileType = wrapper.application; path = SnDemo.app; sourceTree = BUILT_PRODUCTS_DIR; };
		671F64B1561166881DD2AED6 /* AppDelegate.h */ = {isa = PBXFileReference; lastKnownFileType = sourcecode.c.h; path = AppDelegate.h; sourceTree = "<group>"; };
		71BE7D2AD66E77B461F5C7D5 /* JavaScriptCore.framework */ = {isa = PBXFileReference; lastKnownFileType = wrapper.framework; name = JavaScriptCore.framework; path = System/Library/Frameworks/JavaScriptCore.framework; sourceTree = SDKROOT; };
		82F1154A1EC5B04DB2E729DE /* Pods-SnDemo.debug.xcconfig */ = {isa = PBXFileReference; includeInIndex = 1; lastKnownFileType = text.xcconfig; name = "Pods-SnDemo.debug.xcconfig"; path = "Target Support Files/Pods-SnDemo/Pods-SnDemo.debug.xcconfig"; sourceTree = "<group>"; };
		AFD9475D4A456BC81E3CA024 /* Pods-SnDemo.release.xcconfig */ = {isa = PBXFileReference; includeInIndex = 1; lastKnownFileType = text.xcconfig; name = "Pods-SnDemo.release.xcconfig"; path = "Target Support Files/Pods-SnDemo/Pods-SnDemo.release.xcconfig"; sourceTree = "<group>"; };
		FB3C0608A38D5F1D575C00E3 /* libc++.tbd */ = {isa = PBXFileReference; lastKnownFileType = "sourcecode.text-based-dylib-definition"; name = "libc++.tbd"; path = "usr/lib/libc++.tbd"; sourceTree = SDKROOT; };
/* End PBXFileReference section */

/* Begin PBXFrameworksBuildPhase section */
		592F5AE79D7C9F8B8152B67E /* Frameworks */ = {
			isa = PBXFrameworksBuildPhase;
			buildActionMask = 2147483647;
			files = (
				F84BA60B242425CA14C1DF89 /* JavaScriptCore.framework in Frameworks */,
				903171910B1544FE0311EF7D /* libc++.tbd in Frameworks */,
				5030F438A392AB89FC0CBE5E /* Pods_SnDemo.framework in Frameworks */,
			);
			runOnlyForDeploymentPostprocessing = 0;
		};
/* End PBXFrameworksBuildPhase section */

/* Begin PBXGroup section */
		2FDE81539A52A61CC84745A8 /* Products */ = {
			isa = PBXGroup;
			children = (
				539A66F8A5633ACDA0BD838A /* SnDemo.app */,
			);
			name = Products;
			sourceTree = "<group>";
		};
		5B38B2E3DB541D9460487492 = {
			isa = PBXGroup;
			children = (
				75D920D2513223BC1D23605B /* ios */,
				7FADF8D4C5CEADB6D0D3D8CF /* Frameworks */,
				2FDE81539A52A61CC84745A8 /* Products */,
				DF7BD74D35592670F3E56254 /* Pods */,
			);
			sourceTree = "<group>";
		};
		75D920D2513223BC1D23605B /* ios */ = {
			isa = PBXGroup;
			children = (
				671F64B1561166881DD2AED6 /* AppDelegate.h */,
				2E3C2E2A8DD34CD46809B659 /* AppDelegate.m */,
				3601F56B1B8A16210B612B16 /* main.m */,
				059303838FA6407AA852F081 /* SnDemo.xcodeproj */,
			);
			name = ios;
			path = .;
			sourceTree = "<group>";
		};
		7FADF8D4C5CEADB6D0D3D8CF /* Frameworks */ = {
			isa = PBXGroup;
			children = (
				71BE7D2AD66E77B461F5C7D5 /* JavaScriptCore.framework */,
				FB3C0608A38D5F1D575C00E3 /* libc++.tbd */,
				1D6DE7697B66C63DA1030443 /* Pods_SnDemo.framework */,
			);
			name = Frameworks;
			sourceTree = "<group>";
		};
		DF7BD74D35592670F3E56254 /* Pods */ = {
			isa = PBXGroup;
			children = (
				82F1154A1EC5B04DB2E729DE /* Pods-SnDemo.debug.xcconfig */,
				AFD9475D4A456BC81E3CA024 /* Pods-SnDemo.release.xcconfig */,
			);
			name = Pods;
			path = Pods;
			sourceTree = "<group>";
		};
/* End PBXGroup section */

/* Begin PBXNativeTarget section */
		9E19DA5BF795E36419560C41 /* SnDemo */ = {
			isa = PBXNativeTarget;
			buildConfigurationList = 401653A2BC6C14199E7EC061 /* Build configuration list for PBXNativeTarget "SnDemo" */;
			buildPhases = (
				4DD4A72580341C43CD75D1D7 /* [CP] Check Pods Manifest.lock */,
				31CC16E908026C150D54C153 /* BundleJS */,
				6CEA221BA179DDE8ED98BBC5 /* Sources */,
				DAE6F0B77FC5655CA7052F01 /* Resources */,
				592F5AE79D7C9F8B8152B67E /* Frameworks */,
			);
			buildRules = (
			);
			dependencies = (
			);
			name = SnDemo;
			productName = SnDemo;
			productReference = 539A66F8A5633ACDA0BD838A /* SnDemo.app */;
			productType = "com.apple.product-type.application";
		};
/* End PBXNativeTarget section */

/* Begin PBXProject section */
		7CB99154113EECD63296B65E /* Project object */ = {
			isa = PBXProject;
			attributes = {
				BuildIndependentTargetsInParallel = YES;
				LastUpgradeCheck = 1430;
				TargetAttributes = {
					9E19DA5BF795E36419560C41 = {
						ProvisioningStyle = Automatic;
					};
				};
			};
			buildConfigurationList = B679C76B98938C13038DC866 /* Build configuration list for PBXProject "SnDemo" */;
			compatibilityVersion = "Xcode 14.0";
			developmentRegion = en;
			hasScannedForEncodings = 0;
			knownRegions = (
				Base,
				en,
			);
			mainGroup = 5B38B2E3DB541D9460487492;
			minimizedProjectReferenceProxies = 1;
			preferredProjectObjectVersion = 77;
			productRefGroup = 2FDE81539A52A61CC84745A8 /* Products */;
			projectDirPath = "";
			projectRoot = "";
			targets = (
				9E19DA5BF795E36419560C41 /* SnDemo */,
			);
		};
/* End PBXProject section */

/* Begin PBXResourcesBuildPhase section */
		DAE6F0B77FC5655CA7052F01 /* Resources */ = {
			isa = PBXResourcesBuildPhase;
			buildActionMask = 2147483647;
			files = (
				5FDDDCBDEA0A9436BBDA2C14 /* SnDemo.xcodeproj in Resources */,
			);
			runOnlyForDeploymentPostprocessing = 0;
		};
/* End PBXResourcesBuildPhase section */

/* Begin PBXShellScriptBuildPhase section */
		31CC16E908026C150D54C153 /* BundleJS */ = {
			isa = PBXShellScriptBuildPhase;
			alwaysOutOfDate = 1;
			buildActionMask = 2147483647;
			files = (
			);
			inputFileListPaths = (
			);
			inputPaths = (
			);
			name = BundleJS;
			outputFileListPaths = (
			);
			outputPaths = (
			);
			runOnlyForDeploymentPostprocessing = 0;
			shellPath = /bin/sh;
			shellScript = "set -e\n# Build all workspaces so @solid-native/core dist exists\ncd \"$PROJECT_DIR/../../../\"\nyarn build\n# Build the demo bundle\nyarn workspace @demo/sn-demo build\n# Copy bundle into app resources\nmkdir -p \"$BUILT_PRODUCTS_DIR/$UNLOCALIZED_RESOURCES_FOLDER_PATH\"\ncp apps/sn-demo/dist/main.js \"$BUILT_PRODUCTS_DIR/$UNLOCALIZED_RESOURCES_FOLDER_PATH/main.js\"\n";
		};
		4DD4A72580341C43CD75D1D7 /* [CP] Check Pods Manifest.lock */ = {
			isa = PBXShellScriptBuildPhase;
			buildActionMask = 2147483647;
			files = (
			);
			inputFileListPaths = (
			);
			inputPaths = (
				"${PODS_PODFILE_DIR_PATH}/Podfile.lock",
				"${PODS_ROOT}/Manifest.lock",
			);
			name = "[CP] Check Pods Manifest.lock";
			outputFileListPaths = (
			);
			outputPaths = (
				"$(DERIVED_FILE_DIR)/Pods-SnDemo-checkManifestLockResult.txt",
			);
			runOnlyForDeploymentPostprocessing = 0;
			shellPath = /bin/sh;
			shellScript = "diff \"${PODS_PODFILE_DIR_PATH}/Podfile.lock\" \"${PODS_ROOT}/Manifest.lock\" > /dev/null\nif [ $? != 0 ] ; then\n    # print error to STDERR\n    echo \"error: The sandbox is not in sync with the Podfile.lock. Run 'pod install' or update your CocoaPods installation.\" >&2\n    exit 1\nfi\n# This output is used by Xcode 'outputs' to avoid re-running this script phase.\necho \"SUCCESS\" > \"${SCRIPT_OUTPUT_FILE_0}\"\n";
			showEnvVarsInLog = 0;
		};
/* End PBXShellScriptBuildPhase section */

/* Begin PBXSourcesBuildPhase section */
		6CEA221BA179DDE8ED98BBC5 /* Sources */ = {
			isa = PBXSourcesBuildPhase;
			buildActionMask = 2147483647;
			files = (
				61716508A0F3CE3F21AEEA69 /* AppDelegate.m in Sources */,
				D108DD8112012AE47BAF9D08 /* main.m in Sources */,
			);
			runOnlyForDeploymentPostprocessing = 0;
		};
/* End PBXSourcesBuildPhase section */

/* Begin XCBuildConfiguration section */
		3815CF567E3CE037EFD967A9 /* Release */ = {
			isa = XCBuildConfiguration;
			buildSettings = {
				ALWAYS_SEARCH_USER_PATHS = NO;
				CLANG_ANALYZER_NONNULL = YES;
				CLANG_ANALYZER_NUMBER_OBJECT_CONVERSION = YES_AGGRESSIVE;
				CLANG_CXX_LANGUAGE_STANDARD = "gnu++14";
				CLANG_CXX_LIBRARY = "libc++";
				CLANG_ENABLE_MODULES = YES;
				CLANG_ENABLE_OBJC_ARC = YES;
				CLANG_ENABLE_OBJC_WEAK = YES;
				CLANG_WARN_BLOCK_CAPTURE_AUTORELEASING = YES;
				CLANG_WARN_BOOL_CONVERSION = YES;
				CLANG_WARN_COMMA = YES;
				CLANG_WARN_CONSTANT_CONVERSION = YES;
				CLANG_WARN_DEPRECATED_OBJC_IMPLEMENTATIONS = YES;
				CLANG_WARN_DIRECT_OBJC_ISA_USAGE = YES_ERROR;
				CLANG_WARN_DOCUMENTATION_COMMENTS = YES;
				CLANG_WARN_EMPTY_BODY = YES;
				CLANG_WARN_ENUM_CONVERSION = YES;
				CLANG_WARN_INFINITE_RECURSION = YES;
				CLANG_WARN_INT_CONVERSION = YES;
				CLANG_WARN_NON_LITERAL_NULL_CONVERSION = YES;
				CLANG_WARN_OBJC_IMPLICIT_RETAIN_SELF = YES;
				CLANG_WARN_OBJC_LITERAL_CONVERSION = YES;
				CLANG_WARN_OBJC_ROOT_CLASS = YES_ERROR;
				CLANG_WARN_QUOTED_INCLUDE_IN_FRAMEWORK_HEADER = YES;
				CLANG_WARN_RANGE_LOOP_ANALYSIS = YES;
				CLANG_WARN_STRICT_PROTOTYPES = YES;
				CLANG_WARN_SUSPICIOUS_MOVE = YES;
				CLANG_WARN_UNGUARDED_AVAILABILITY = YES_AGGRESSIVE;
				CLANG_WARN_UNREACHABLE_CODE = YES;
				CLANG_WARN__DUPLICATE_METHOD_MATCH = YES;
				CODE_SIGN_STYLE = Automatic;
				COPY_PHASE_STRIP = NO;
				DEBUG_INFORMATION_FORMAT = "dwarf-with-dsym";
				ENABLE_NS_ASSERTIONS = NO;
				ENABLE_STRICT_OBJC_MSGSEND = YES;
				GCC_C_LANGUAGE_STANDARD = gnu11;
				GCC_NO_COMMON_BLOCKS = YES;
				GCC_WARN_64_TO_32_BIT_CONVERSION = YES;
				GCC_WARN_ABOUT_RETURN_TYPE = YES_ERROR;
				GCC_WARN_UNDECLARED_SELECTOR = YES;
				GCC_WARN_UNINITIALIZED_AUTOS = YES_AGGRESSIVE;
				GCC_WARN_UNUSED_FUNCTION = YES;
				GCC_WARN_UNUSED_VARIABLE = YES;
				IPHONEOS_DEPLOYMENT_TARGET = 12.0;
				MTL_ENABLE_DEBUG_INFO = NO;
				MTL_FAST_MATH = YES;
				PRODUCT_BUNDLE_IDENTIFIER = com.solidnative.sndemo;
				PRODUCT_NAME = "$(TARGET_NAME)";
				SDKROOT = iphoneos;
				SWIFT_COMPILATION_MODE = wholemodule;
				SWIFT_OPTIMIZATION_LEVEL = "-O";
				SWIFT_VERSION = "";
			};
			name = Release;
		};
		80785DE798334C68427509EE /* Debug */ = {
			isa = XCBuildConfiguration;
			baseConfigurationReference = 82F1154A1EC5B04DB2E729DE /* Pods-SnDemo.debug.xcconfig */;
			buildSettings = {
				ASSETCATALOG_COMPILER_APPICON_NAME = AppIcon;
				CODE_SIGN_IDENTITY = "iPhone Developer";
				INFOPLIST_FILE = Info.plist;
				LD_RUNPATH_SEARCH_PATHS = "@executable_path/Frameworks";
				SDKROOT = iphoneos;
				SWIFT_OBJC_BRIDGING_HEADER = "";
				TARGETED_DEVICE_FAMILY = "1,2";
			};
			name = Debug;
		};
		D4CAA24C85DD052F27A19960 /* Debug */ = {
			isa = XCBuildConfiguration;
			buildSettings = {
				ALWAYS_SEARCH_USER_PATHS = NO;
				CLANG_ANALYZER_NONNULL = YES;
				CLANG_ANALYZER_NUMBER_OBJECT_CONVERSION = YES_AGGRESSIVE;
				CLANG_CXX_LANGUAGE_STANDARD = "gnu++14";
				CLANG_CXX_LIBRARY = "libc++";
				CLANG_ENABLE_MODULES = YES;
				CLANG_ENABLE_OBJC_ARC = YES;
				CLANG_ENABLE_OBJC_WEAK = YES;
				CLANG_WARN_BLOCK_CAPTURE_AUTORELEASING = YES;
				CLANG_WARN_BOOL_CONVERSION = YES;
				CLANG_WARN_COMMA = YES;
				CLANG_WARN_CONSTANT_CONVERSION = YES;
				CLANG_WARN_DEPRECATED_OBJC_IMPLEMENTATIONS = YES;
				CLANG_WARN_DIRECT_OBJC_ISA_USAGE = YES_ERROR;
				CLANG_WARN_DOCUMENTATION_COMMENTS = YES;
				CLANG_WARN_EMPTY_BODY = YES;
				CLANG_WARN_ENUM_CONVERSION = YES;
				CLANG_WARN_INFINITE_RECURSION = YES;
				CLANG_WARN_INT_CONVERSION = YES;
				CLANG_WARN_NON_LITERAL_NULL_CONVERSION = YES;
				CLANG_WARN_OBJC_IMPLICIT_RETAIN_SELF = YES;
				CLANG_WARN_OBJC_LITERAL_CONVERSION = YES;
				CLANG_WARN_OBJC_ROOT_CLASS = YES_ERROR;
				CLANG_WARN_QUOTED_INCLUDE_IN_FRAMEWORK_HEADER = YES;
				CLANG_WARN_RANGE_LOOP_ANALYSIS = YES;
				CLANG_WARN_STRICT_PROTOTYPES = YES;
				CLANG_WARN_SUSPICIOUS_MOVE = YES;
				CLANG_WARN_UNGUARDED_AVAILABILITY = YES_AGGRESSIVE;
				CLANG_WARN_UNREACHABLE_CODE = YES;
				CLANG_WARN__DUPLICATE_METHOD_MATCH = YES;
				CODE_SIGN_STYLE = Automatic;
				COPY_PHASE_STRIP = NO;
				DEBUG_INFORMATION_FORMAT = dwarf;
				ENABLE_STRICT_OBJC_MSGSEND = YES;
				ENABLE_TESTABILITY = YES;
				GCC_C_LANGUAGE_STANDARD = gnu11;
				GCC_DYNAMIC_NO_PIC = NO;
				GCC_NO_COMMON_BLOCKS = YES;
				GCC_OPTIMIZATION_LEVEL = 0;
				GCC_PREPROCESSOR_DEFINITIONS = (
					"$(inherited)",
					"DEBUG=1",
				);
				GCC_WARN_64_TO_32_BIT_CONVERSION = YES;
				GCC_WARN_ABOUT_RETURN_TYPE = YES_ERROR;
				GCC_WARN_UNDECLARED_SELECTOR = YES;
				GCC_WARN_UNINITIALIZED_AUTOS = YES_AGGRESSIVE;
				GCC_WARN_UNUSED_FUNCTION = YES;
				GCC_WARN_UNUSED_VARIABLE = YES;
				IPHONEOS_DEPLOYMENT_TARGET = 12.0;
				MTL_ENABLE_DEBUG_INFO = INCLUDE_SOURCE;
				MTL_FAST_MATH = YES;
				ONLY_ACTIVE_ARCH = YES;
				PRODUCT_BUNDLE_IDENTIFIER = com.solidnative.sndemo;
				PRODUCT_NAME = "$(TARGET_NAME)";
				SDKROOT = iphoneos;
				SWIFT_ACTIVE_COMPILATION_CONDITIONS = DEBUG;
				SWIFT_OPTIMIZATION_LEVEL = "-Onone";
				SWIFT_VERSION = "";
			};
			name = Debug;
		};
		E8B157623A966C967F58D6E5 /* Release */ = {
			isa = XCBuildConfiguration;
			baseConfigurationReference = AFD9475D4A456BC81E3CA024 /* Pods-SnDemo.release.xcconfig */;
			buildSettings = {
				ASSETCATALOG_COMPILER_APPICON_NAME = AppIcon;
				CODE_SIGN_IDENTITY = "iPhone Developer";
				INFOPLIST_FILE = Info.plist;
				LD_RUNPATH_SEARCH_PATHS = "@executable_path/Frameworks";
				SDKROOT = iphoneos;
				SWIFT_OBJC_BRIDGING_HEADER = "";
				TARGETED_DEVICE_FAMILY = "1,2";
			};
			name = Release;
		};
/* End XCBuildConfiguration section */

/* Begin XCConfigurationList section */
		401653A2BC6C14199E7EC061 /* Build configuration list for PBXNativeTarget "SnDemo" */ = {
			isa = XCConfigurationList;
			buildConfigurations = (
				80785DE798334C68427509EE /* Debug */,
				E8B157623A966C967F58D6E5 /* Release */,
			);
			defaultConfigurationIsVisible = 0;
			defaultConfigurationName = Debug;
		};
		B679C76B98938C13038DC866 /* Build configuration list for PBXProject "SnDemo" */ = {
			isa = XCConfigurationList;
			buildConfigurations = (
				D4CAA24C85DD052F27A19960 /* Debug */,
				3815CF567E3CE037EFD967A9 /* Release */,
			);
			defaultConfigurationIsVisible = 0;
			defaultConfigurationName = Debug;
		};
/* End XCConfigurationList section */
	};
	rootObject = 7CB99154113EECD63296B65E /* Project object */;
}
